schema: '2.0'
stages:
  get_data:
    cmd: python3 scripts/data.py
    deps:
    - path: scripts/data.py
      hash: md5
      md5: 58817927a0a4a961094575c99f676a27
      size: 993
    params:
      params.yaml:
        index_col: customer_id
    outs:
    - path: data/initial_data.csv
      hash: md5
      md5: 9fd25519d819cf82b23dab82662dc39a
      size: 822095
      cloud:
        my_storage:
          etag: 9fd25519d819cf82b23dab82662dc39a
          version_id: 000620C318B091AA
  fit_model:
    cmd: python3 scripts/fit.py
    deps:
    - path: data/initial_data.csv
      hash: md5
      md5: 9fd25519d819cf82b23dab82662dc39a
      size: 822095
    - path: scripts/fit.py
      hash: md5
      md5: e63021a159fc2b2ffcb105dc93214f6e
      size: 1662
    params:
      params.yaml:
        C: 1
        index_col: customer_id
        one_hot_drop: if_binary
        penalty: l2
        target_col: target
    outs:
    - path: models/fitted_model.pkl
      hash: md5
      md5: 84bbcf33dbe81c169bda573d96992932
      size: 11870
  evaluate_model:
    cmd: python3 scripts/evaluate.py
    deps:
    - path: models/fitted_model.pkl
      hash: md5
      md5: 84bbcf33dbe81c169bda573d96992932
      size: 11870
    - path: scripts/evaluate.py
      hash: md5
      md5: 7e13aa3419e2263ca6b1b7902f467d8a
      size: 883
    params:
      params.yaml:
        index_col: customer_id
        metrics:
        - f1
        - roc_auc
        n_jobs: -1
        n_splits: 5
        target_col: target
    outs:
    - path: cv_results/cv_res.json
      hash: md5
      md5: 209b36f9dccb9ff2dd2946314d7b1bcb
      size: 76
